
Microsoft Visual Studio Solution File, Format Version 12.00
# Visual Studio 15
VisualStudioVersion = 15.0.28010.2036
MinimumVisualStudioVersion = 10.0.40219.1
Project("{FAE04EC0-301F-11D3-BF4B-00C04F79EFBC}") = "ConsoleApp1", "ConsoleApp1\ConsoleApp1.csproj", "{F685340A-44B7-4ECF-B1EE-E4E536EF00E8}"
EndProject
Project("{FAE04EC0-301F-11D3-BF4B-00C04F79EFBC}") = "AerodromWPF", "AerodromWPF\AerodromWPF.csproj", "{7951C24A-8948-42CB-8FFD-6A7E46600594}"
EndProject
Project("{FAE04EC0-301F-11D3-BF4B-00C04F79EFBC}") = "Xceed.Wpf.Toolkit", "..\..\Xceed.Wpf.Toolkit\Xceed.Wpf.Toolkit.csproj", "{72E591D6-8F83-4D8C-8F67-9C325E623234}"
EndProject
Global
	GlobalSection(SolutionConfigurationPlatforms) = preSolution
		Debug|Any CPU = Debug|Any CPU
		Release|Any CPU = Release|Any CPU
	EndGlobalSection
	GlobalSection(ProjectConfigurationPlatforms) = postSolution
		{F685340A-44B7-4ECF-B1EE-E4E536EF00E8}.Debug|Any CPU.ActiveCfg = Debug|Any CPU
		{F685340A-44B7-4ECF-B1EE-E4E536EF00E8}.Debug|Any CPU.Build.0 = Debug|Any CPU
		{F685340A-44B7-4ECF-B1EE-E4E536EF00E8}.Release|Any CPU.ActiveCfg = Release|Any CPU
		{F685340A-44B7-4ECF-B1EE-E4E536EF00E8}.Release|Any CPU.Build.0 = Release|Any CPU
		{7951C24A-8948-42CB-8FFD-6A7E46600594}.Debug|Any CPU.ActiveCfg = Debug|Any CPU
		{7951C24A-8948-42CB-8FFD-6A7E46600594}.Debug|Any CPU.Build.0 = Debug|Any CPU
		{7951C24A-8948-42CB-8FFD-6A7E46600594}.Release|Any CPU.ActiveCfg = Release|Any CPU
		{7951C24A-8948-42CB-8FFD-6A7E46600594}.Release|Any CPU.Build.0 = Release|Any CPU
		{72E591D6-8F83-4D8C-8F67-9C325E623234}.Debug|Any CPU.ActiveCfg = Debug|Any CPU
		{72E591D6-8F83-4D8C-8F67-9C325E623234}.Debug|Any CPU.Build.0 = Debug|Any CPU
		{72E591D6-8F83-4D8C-8F67-9C325E623234}.Release|Any CPU.ActiveCfg = Release|Any CPU
		{72E591D6-8F83-4D8C-8F67-9C325E623234}.Release|Any CPU.Build.0 = Release|Any CPU
	EndGlobalSection
	GlobalSection(SolutionProperties) = preSolution
		HideSolutionNode = FALSE
	EndGlobalSection
	GlobalSection(ExtensibilityGlobals) = postSolution
		SolutionGuid = {EC7E4898-5195-4D1D-9C8C-020F1C79E10A}
	EndGlobalSection
EndGlobal
